
Microsoft Visual Studio Solution File, Format Version 12.00
# Visual Studio Version 17
VisualStudioVersion = 17.13.35913.81 d17.13
MinimumVisualStudioVersion = 10.0.40219.1
Project("{FAE04EC0-301F-11D3-BF4B-00C04F79EFBC}") = "FinansWebApp", "FinansWebApp\FinansWebApp.csproj", "{7C27DC52-ECEF-4C5F-BBFF-3BE33F5C03E1}"
EndProject
Global
	GlobalSection(SolutionConfigurationPlatforms) = preSolution
		Debug|Any CPU = Debug|Any CPU
		Release|Any CPU = Release|Any CPU
	EndGlobalSection
	GlobalSection(ProjectConfigurationPlatforms) = postSolution
		{7C27DC52-ECEF-4C5F-BBFF-3BE33F5C03E1}.Debug|Any CPU.ActiveCfg = Debug|Any CPU
		{7C27DC52-ECEF-4C5F-BBFF-3BE33F5C03E1}.Debug|Any CPU.Build.0 = Debug|Any CPU
		{7C27DC52-ECEF-4C5F-BBFF-3BE33F5C03E1}.Release|Any CPU.ActiveCfg = Release|Any CPU
		{7C27DC52-ECEF-4C5F-BBFF-3BE33F5C03E1}.Release|Any CPU.Build.0 = Release|Any CPU
	EndGlobalSection
	GlobalSection(SolutionProperties) = preSolution
		HideSolutionNode = FALSE
	EndGlobalSection
	GlobalSection(ExtensibilityGlobals) = postSolution
		SolutionGuid = {9F775A1D-AFCB-43FD-827E-33B5CEA31E6B}
	EndGlobalSection
EndGlobal
